schema: '2.0'
stages:
  feature_extraction:
    cmd: python delius/feature_extraction.py --input_compressed_image_dir ./data/raw/images.tar.gz
      --output_uncompressed_image_dir ./data/interim/images/ --output_embedding_file
      ./data/processed/embeddings.pth --image_width 224 --image_height 224 --batch_size
      256
    deps:
    - path: ./data/raw/images.tar.gz
      hash: md5
      md5: a5a0f9454e3dd56c5d7579782c255d9f
      size: 2173727123
    outs:
    - path: ./data/processed/embeddings.pth
      hash: md5
      md5: fdfb826267693e58d5ee6de848ea1e1a
      size: 491909125
  autoencoder_pretraining:
    cmd: python -m delius.autoencoder_pretraining --learning_rate 0.001 --epochs 200
      --batch 256 --encoder_hidden_dimensions 500 500 2000 10 --input_embeddings_dimensions
      1024 --input_embeddings_file ./data/processed/embeddings.pth --output_encoder_file
      ./models/pretrained/encoder.pth
    deps:
    - path: ./data/processed/embeddings.pth
      hash: md5
      md5: cd17903282a8d13511d3f08485b0a8f1
      size: 493539845
    - path: delius/autoencoder_pretraining.py
      hash: md5
      md5: 62b8101bf57e604c151bfd96efdefa5f
      size: 2575
    outs:
    - path: ./models/pretrained/encoder.pth
      hash: md5
      md5: b989596429e918ad344e8c7f00c630ac
      size: 7143040
  clustering_initialization:
    cmd: python -m delius.clustering_initialization --batch 256 --encoder_hidden_dimensions
      500 500 2000 10 --input_embeddings_dimensions 1024 --input_embeddings_file ./data/processed/embeddings.pth
      --input_pretrained_encoder_file ./models/pretrained/model.pth --output_centroids_file
      ./models/kmeans/centroids.pth --n_clusters 5
    deps:
    - path: ./data/processed/embeddings.pth
      hash: md5
      md5: fdfb826267693e58d5ee6de848ea1e1a
      size: 491909125
    - path: ./models/pretrained/model.pth
      hash: md5
      md5: d4f140524346a455f91532be69bb961c
      size: 7143016
    - path: delius/clustering_initialization.py
      hash: md5
      md5: e2b0bd2968e44cb0921366ecc5d25962
      size: 2642
    outs:
    - path: ./models/kmeans/centroids.pth
      hash: md5
      md5: 742cc85c7bd2d4186eb62e9e747bc220
      size: 1382
  clusters_initialization:
    cmd: python -m delius.clusters_initialization --batch 256 --encoder_hidden_dimensions
      500 500 2000 10 --input_embeddings_dimensions 1024 --input_embeddings_file ./data/processed/embeddings.pth
      --input_pretrained_encoder_file ./models/pretrained/encoder.pth --output_centroids_file
      ./models/kmeans/centroids.pth --output_assignments_file_path ./models/kmeans/assignments.pth
      --n_clusters 10
    deps:
    - path: ./data/processed/embeddings.pth
      hash: md5
      md5: cd17903282a8d13511d3f08485b0a8f1
      size: 493539845
    - path: ./models/pretrained/encoder.pth
      hash: md5
      md5: b989596429e918ad344e8c7f00c630ac
      size: 7143040
    - path: delius/clusters_initialization.py
      hash: md5
      md5: cf852d5eb048a1bffbe2b8d6c6bfe3dd
      size: 3027
    outs:
    - path: ./models/kmeans/assignments.pth
      hash: md5
      md5: 3ccdc684fe9a5c84c398edbbff3a45c3
      size: 932976
    - path: ./models/kmeans/centroids.pth
      hash: md5
      md5: 762c43eeb6e92157ec2a1b202e8124c0
      size: 1574
  clustering:
    cmd: python -m delius.clustering --batch 256 --encoder_hidden_dimensions 500 500
      2000 10 --input_embeddings_dimensions 1024 --input_embeddings_file ./data/processed/embeddings.pth
      --input_pretrained_encoder_file ./models/pretrained/encoder.pth --input_centroids_file
      ./models/kmeans/centroids.pth --input_assignments_file_path ./models/kmeans/assignments.pth
      --learning_rate 0.001 --steps 8000 --update_interval 140 --delta_tol 0.001 --output_dec_file
      ./models/dec/dec.pth --n_clusters 10
    deps:
    - path: ./data/processed/embeddings.pth
      hash: md5
      md5: cd17903282a8d13511d3f08485b0a8f1
      size: 493539845
    - path: ./models/kmeans/assignments.pth
      hash: md5
      md5: 3ccdc684fe9a5c84c398edbbff3a45c3
      size: 932976
    - path: ./models/kmeans/centroids.pth
      hash: md5
      md5: 762c43eeb6e92157ec2a1b202e8124c0
      size: 1574
    - path: ./models/pretrained/encoder.pth
      hash: md5
      md5: b989596429e918ad344e8c7f00c630ac
      size: 7143040
    - path: delius/clustering.py
      hash: md5
      md5: d3be5a7b086090765a1496d73e88c605
      size: 5653
    outs:
    - path: ./models/dec/dec.pth
      hash: md5
      md5: e8699dc5b3689926e7cd11377f434ec1
      size: 7143816
  features_extraction:
    cmd: python -m delius.features_extraction --input_compressed_image_dir ./data/raw/images.tar.gz
      --output_uncompressed_image_dir ./data/interim/images/ --output_embedding_file
      ./data/processed/embeddings.pth --image_width 224 --image_height 224 --batch_size
      256
    deps:
    - path: ./data/raw/images.tar.gz
      hash: md5
      md5: a5a0f9454e3dd56c5d7579782c255d9f
      size: 2173727123
    - path: delius/features_extraction.py
      hash: md5
      md5: eba8fb282bc739bac485a16562592c29
      size: 4313
    outs:
    - path: ./data/processed/embeddings.pth
      hash: md5
      md5: cd17903282a8d13511d3f08485b0a8f1
      size: 493539845
  clusters_visualization:
    cmd: python -m delius.clusters_visualization --batch 256 --input_embeddings_file
      ./data/processed/embeddings.pth --input_dec_file ./models/dec/dec.pth --output_tsne_pic_file
      ./models/clustering_pics/clusters.png --input_embeddings_dimensions 1024 --encoder_hidden_dimensions
      500 500 2000 10 --n_clusters 10 --input_image_dir ./data/interim/images/ --output_clustered_samples_file
      ./models/clustering_pics/samples.png --n_samples_per_cluster 5 --embeddings_sample_fraction
      0.1
    deps:
    - path: ./data/processed/embeddings.pth
      hash: md5
      md5: cd17903282a8d13511d3f08485b0a8f1
      size: 493539845
    - path: ./models/dec/dec.pth
      hash: md5
      md5: e8699dc5b3689926e7cd11377f434ec1
      size: 7143816
    - path: delius/clusters_visualization.py
      hash: md5
      md5: f770026fc412dcb00989568f083d7a87
      size: 6945
    outs:
    - path: ./models/clustering_pics/clusters.png
      hash: md5
      md5: f9ff757f08927ade608e97e410c8729d
      size: 174051
    - path: ./models/clustering_pics/samples.png
      hash: md5
      md5: 388c31347615a60f86276486621559d6
      size: 965633
